
Microsoft Visual Studio Solution File, Format Version 12.00
# Visual Studio 2012
Project("{FAE04EC0-301F-11D3-BF4B-00C04F79EFBC}") = "ng.NET.Tests", "ng.NET.Tests\ng.NET.Tests.csproj", "{FD40873B-3B99-4E5C-AF6B-929AAE2B7D96}"
EndProject
Project("{FAE04EC0-301F-11D3-BF4B-00C04F79EFBC}") = "DatabaseEntities", "DatabaseEntities\DatabaseEntities.csproj", "{D69CAC7A-1DD5-4551-878A-9C7EC505C142}"
EndProject
Project("{FAE04EC0-301F-11D3-BF4B-00C04F79EFBC}") = "DataAccessLayer", "DataAccessLayer\DataAccessLayer.csproj", "{20783BDC-0D37-46D0-87B5-22F096E655C6}"
EndProject
Project("{FAE04EC0-301F-11D3-BF4B-00C04F79EFBC}") = "Utilities", "Utilities\Utilities.csproj", "{70DC64E8-2D71-473A-9679-498C9C0A0AD9}"
EndProject
Project("{FAE04EC0-301F-11D3-BF4B-00C04F79EFBC}") = "ServiceLayer", "ServiceLayer\ServiceLayer.csproj", "{0808CE92-87C3-4433-B555-759F94B0E17B}"
EndProject
Project("{FAE04EC0-301F-11D3-BF4B-00C04F79EFBC}") = "BusinessLayer", "BusinessLayer\BusinessLayer.csproj", "{6093C36F-EB6B-470A-A05B-A7D4B00EC116}"
EndProject
Project("{FAE04EC0-301F-11D3-BF4B-00C04F79EFBC}") = "DomainModel", "DomainModel\DomainModel.csproj", "{595000E2-EE95-48CD-8BFE-8F376E17F71E}"
EndProject
Project("{E24C65DC-7377-472B-9ABA-BC803B73C61A}") = "ng.NET.Client", "http://localhost:4935", "{D46CDFFE-254F-463D-B65F-1876748D9AE1}"
	ProjectSection(WebsiteProperties) = preProject
		UseIISExpress = "true"
		TargetFrameworkMoniker = ".NETFramework,Version%3Dv4.5.1"
		Debug.AspNetCompiler.VirtualPath = "/localhost_4935"
		Debug.AspNetCompiler.PhysicalPath = "ng.NET.Client\"
		Debug.AspNetCompiler.TargetPath = "PrecompiledWeb\localhost_4935\"
		Debug.AspNetCompiler.Updateable = "true"
		Debug.AspNetCompiler.ForceOverwrite = "true"
		Debug.AspNetCompiler.FixedNames = "false"
		Debug.AspNetCompiler.Debug = "True"
		Release.AspNetCompiler.VirtualPath = "/localhost_4935"
		Release.AspNetCompiler.PhysicalPath = "ng.NET.Client\"
		Release.AspNetCompiler.TargetPath = "PrecompiledWeb\localhost_4935\"
		Release.AspNetCompiler.Updateable = "true"
		Release.AspNetCompiler.ForceOverwrite = "true"
		Release.AspNetCompiler.FixedNames = "false"
		Release.AspNetCompiler.Debug = "False"
		SlnRelativePath = "ng.NET.Client\"
		DefaultWebSiteLanguage = "Visual Basic"
	EndProjectSection
EndProject
Project("{FAE04EC0-301F-11D3-BF4B-00C04F79EFBC}") = "ng.NET.WebAPI", "ng.NET.WebAPI\ng.NET.WebAPI.csproj", "{AB7CAAD1-7367-4A65-A0F7-2D8FB4461FC4}"
EndProject
Global
	GlobalSection(SolutionConfigurationPlatforms) = preSolution
		Debug|Any CPU = Debug|Any CPU
		Release|Any CPU = Release|Any CPU
	EndGlobalSection
	GlobalSection(ProjectConfigurationPlatforms) = postSolution
		{FD40873B-3B99-4E5C-AF6B-929AAE2B7D96}.Debug|Any CPU.ActiveCfg = Debug|Any CPU
		{FD40873B-3B99-4E5C-AF6B-929AAE2B7D96}.Debug|Any CPU.Build.0 = Debug|Any CPU
		{FD40873B-3B99-4E5C-AF6B-929AAE2B7D96}.Release|Any CPU.ActiveCfg = Release|Any CPU
		{FD40873B-3B99-4E5C-AF6B-929AAE2B7D96}.Release|Any CPU.Build.0 = Release|Any CPU
		{D69CAC7A-1DD5-4551-878A-9C7EC505C142}.Debug|Any CPU.ActiveCfg = Debug|Any CPU
		{D69CAC7A-1DD5-4551-878A-9C7EC505C142}.Debug|Any CPU.Build.0 = Debug|Any CPU
		{D69CAC7A-1DD5-4551-878A-9C7EC505C142}.Release|Any CPU.ActiveCfg = Release|Any CPU
		{D69CAC7A-1DD5-4551-878A-9C7EC505C142}.Release|Any CPU.Build.0 = Release|Any CPU
		{20783BDC-0D37-46D0-87B5-22F096E655C6}.Debug|Any CPU.ActiveCfg = Debug|Any CPU
		{20783BDC-0D37-46D0-87B5-22F096E655C6}.Debug|Any CPU.Build.0 = Debug|Any CPU
		{20783BDC-0D37-46D0-87B5-22F096E655C6}.Release|Any CPU.ActiveCfg = Release|Any CPU
		{20783BDC-0D37-46D0-87B5-22F096E655C6}.Release|Any CPU.Build.0 = Release|Any CPU
		{70DC64E8-2D71-473A-9679-498C9C0A0AD9}.Debug|Any CPU.ActiveCfg = Debug|Any CPU
		{70DC64E8-2D71-473A-9679-498C9C0A0AD9}.Debug|Any CPU.Build.0 = Debug|Any CPU
		{70DC64E8-2D71-473A-9679-498C9C0A0AD9}.Release|Any CPU.ActiveCfg = Release|Any CPU
		{70DC64E8-2D71-473A-9679-498C9C0A0AD9}.Release|Any CPU.Build.0 = Release|Any CPU
		{0808CE92-87C3-4433-B555-759F94B0E17B}.Debug|Any CPU.ActiveCfg = Debug|Any CPU
		{0808CE92-87C3-4433-B555-759F94B0E17B}.Debug|Any CPU.Build.0 = Debug|Any CPU
		{0808CE92-87C3-4433-B555-759F94B0E17B}.Release|Any CPU.ActiveCfg = Release|Any CPU
		{0808CE92-87C3-4433-B555-759F94B0E17B}.Release|Any CPU.Build.0 = Release|Any CPU
		{6093C36F-EB6B-470A-A05B-A7D4B00EC116}.Debug|Any CPU.ActiveCfg = Debug|Any CPU
		{6093C36F-EB6B-470A-A05B-A7D4B00EC116}.Debug|Any CPU.Build.0 = Debug|Any CPU
		{6093C36F-EB6B-470A-A05B-A7D4B00EC116}.Release|Any CPU.ActiveCfg = Release|Any CPU
		{6093C36F-EB6B-470A-A05B-A7D4B00EC116}.Release|Any CPU.Build.0 = Release|Any CPU
		{595000E2-EE95-48CD-8BFE-8F376E17F71E}.Debug|Any CPU.ActiveCfg = Debug|Any CPU
		{595000E2-EE95-48CD-8BFE-8F376E17F71E}.Debug|Any CPU.Build.0 = Debug|Any CPU
		{595000E2-EE95-48CD-8BFE-8F376E17F71E}.Release|Any CPU.ActiveCfg = Release|Any CPU
		{595000E2-EE95-48CD-8BFE-8F376E17F71E}.Release|Any CPU.Build.0 = Release|Any CPU
		{D46CDFFE-254F-463D-B65F-1876748D9AE1}.Debug|Any CPU.ActiveCfg = Debug|Any CPU
		{D46CDFFE-254F-463D-B65F-1876748D9AE1}.Debug|Any CPU.Build.0 = Debug|Any CPU
		{D46CDFFE-254F-463D-B65F-1876748D9AE1}.Release|Any CPU.ActiveCfg = Debug|Any CPU
		{D46CDFFE-254F-463D-B65F-1876748D9AE1}.Release|Any CPU.Build.0 = Debug|Any CPU
		{AB7CAAD1-7367-4A65-A0F7-2D8FB4461FC4}.Debug|Any CPU.ActiveCfg = Debug|Any CPU
		{AB7CAAD1-7367-4A65-A0F7-2D8FB4461FC4}.Debug|Any CPU.Build.0 = Debug|Any CPU
		{AB7CAAD1-7367-4A65-A0F7-2D8FB4461FC4}.Release|Any CPU.ActiveCfg = Release|Any CPU
		{AB7CAAD1-7367-4A65-A0F7-2D8FB4461FC4}.Release|Any CPU.Build.0 = Release|Any CPU
	EndGlobalSection
	GlobalSection(SolutionProperties) = preSolution
		HideSolutionNode = FALSE
	EndGlobalSection
EndGlobal
